
Microsoft Visual Studio Solution File, Format Version 12.00
# Visual Studio Version 17
VisualStudioVersion = 17.3.32929.385
MinimumVisualStudioVersion = 10.0.40219.1
Project("{FAE04EC0-301F-11D3-BF4B-00C04F79EFBC}") = "WPFCalculator", "WPFCalculator\WPFCalculator.csproj", "{458AA33D-1B3F-4D4F-90B5-F461727218ED}"
EndProject
Global
	GlobalSection(SolutionConfigurationPlatforms) = preSolution
		Debug|Any CPU = Debug|Any CPU
		Release|Any CPU = Release|Any CPU
	EndGlobalSection
	GlobalSection(ProjectConfigurationPlatforms) = postSolution
		{458AA33D-1B3F-4D4F-90B5-F461727218ED}.Debug|Any CPU.ActiveCfg = Debug|Any CPU
		{458AA33D-1B3F-4D4F-90B5-F461727218ED}.Debug|Any CPU.Build.0 = Debug|Any CPU
		{458AA33D-1B3F-4D4F-90B5-F461727218ED}.Release|Any CPU.ActiveCfg = Release|Any CPU
		{458AA33D-1B3F-4D4F-90B5-F461727218ED}.Release|Any CPU.Build.0 = Release|Any CPU
	EndGlobalSection
	GlobalSection(SolutionProperties) = preSolution
		HideSolutionNode = FALSE
	EndGlobalSection
	GlobalSection(ExtensibilityGlobals) = postSolution
		SolutionGuid = {1E354CBE-0124-4E6B-AEAC-9F472EF0DBD7}
	EndGlobalSection
EndGlobal
